dependencies:
  esp-idf-lib/ds18x20:
    component_hash: b907d03835d6b2ea3521bb04d54547e1f1d6d16e19c1096df8cd0ba7b8b56c7f
    dependencies:
    - name: esp-idf-lib/esp_idf_lib_helpers
      registry_url: https://components.espressif.com
      require: private
      version: '*'
    - name: esp-idf-lib/onewire
      registry_url: https://components.espressif.com
      require: private
      version: '*'
    source:
      registry_url: https://components.espressif.com/
      type: service
    targets:
    - esp32
    - esp32c2
    - esp32c3
    - esp32c5
    - esp32c6
    - esp32c61
    - esp32h2
    - esp32p4
    - esp32s2
    - esp32s3
    version: 1.2.8
  esp-idf-lib/esp_idf_lib_helpers:
    component_hash: 689853bb8993434f9556af0f2816e808bf77b5d22100144b21f3519993daf237
    dependencies: []
    source:
      registry_url: https://components.espressif.com
      type: service
    targets:
    - esp32
    - esp32c2
    - esp32c3
    - esp32c5
    - esp32c6
    - esp32c61
    - esp32h2
    - esp32p4
    - esp32s2
    - esp32s3
    version: 1.4.0
  esp-idf-lib/i2cdev:
    component_hash: 9e22a91420695242ceac2c00788820ae45826224d38ef003a1a894367c55ede4
    dependencies:
    - name: esp-idf-lib/esp_idf_lib_helpers
      registry_url: https://components.espressif.com
      require: private
      version: '*'
    source:
      registry_url: https://components.espressif.com
      type: service
    targets:
    - esp32
    - esp32c2
    - esp32c3
    - esp32c5
    - esp32c6
    - esp32c61
    - esp32h2
    - esp32p4
    - esp32s2
    - esp32s3
    version: 2.1.1
  esp-idf-lib/onewire:
    component_hash: d98263e9ab1206caf9bd255652cfd1e7d43524de58a32bc17afe43a425c1674e
    dependencies:
    - name: esp-idf-lib/esp_idf_lib_helpers
      registry_url: https://components.espressif.com
      require: private
      version: '*'
    source:
      registry_url: https://components.espressif.com/
      type: service
    targets:
    - esp32
    - esp32c2
    - esp32c3
    - esp32c5
    - esp32c6
    - esp32c61
    - esp32h2
    - esp32p4
    - esp32s2
    - esp32s3
    version: 1.1.0
  esp-idf-lib/pcf8574:
    component_hash: 59283ee5b234c85c3e217c45c4d2bebe6d55b2371d8a85c97d5faefe3943e82f
    dependencies:
    - name: esp-idf-lib/esp_idf_lib_helpers
      registry_url: https://components.espressif.com
      require: private
      version: '*'
    - name: esp-idf-lib/i2cdev
      registry_url: https://components.espressif.com
      require: private
      version: '*'
    source:
      registry_url: https://components.espressif.com/
      type: service
    targets:
    - esp32
    - esp32c2
    - esp32c3
    - esp32c5
    - esp32c6
    - esp32c61
    - esp32h2
    - esp32p4
    - esp32s2
    - esp32s3
    version: 1.0.10
  espressif/cjson:
    component_hash: e788323270d90738662d66fffa910bfe1fba019bba087f01557e70c40485b469
    dependencies:
    - name: idf
      require: private
      version: '>=5.0'
    source:
      registry_url: https://components.espressif.com/
      type: service
    version: 1.7.19~2
  espressif/cmake_utilities:
    component_hash: 05165f30922b422b4b90c08845e6d449329b97370fbd06309803d8cb539d79e3
    dependencies:
    - name: idf
      require: private
      version: '>=4.1'
    source:
      registry_url: https://components.espressif.com
      type: service
    version: 1.1.1
  espressif/ethernet_init:
    component_hash: b7303f1482091766b9b653ec8332775a9485f4df3c69141577de82847c4d2adf
    dependencies:
    - matches:
      - if: $CONFIG{ETHERNET_SPI_USE_CH390} == 1
      name: espressif/ch390
      registry_url: https://components.espressif.com
      require: private
      version: '*'
    - matches:
      - if: $CONFIG{ETHERNET_SPI_USE_DM9051} == 1
      name: espressif/dm9051
      registry_url: https://components.espressif.com
      require: private
      rules:
      - if: idf_version >=6.0
        version: ^1.0.0
      version: '*'
    - matches:
      - if: idf_version >=6.0
        version: ^1.0.0
      name: espressif/dp83848
      registry_url: https://components.espressif.com
      require: private
      rules:
      - if: target in [esp32, esp32p4]
      - if: $CONFIG{ETHERNET_PHY_USE_DP83848} == 1
      version: '*'
    - matches:
      - if: $CONFIG{ETHERNET_SPI_USE_ENC28J60} == 1
      name: espressif/enc28j60
      registry_url: https://components.espressif.com
      require: private
      version: '*'
    - matches:
      - if: idf_version >=6.0
        version: ^1.0.0
      name: espressif/ip101
      registry_url: https://components.espressif.com
      require: private
      rules:
      - if: target in [esp32, esp32p4]
      - if: $CONFIG{ETHERNET_PHY_USE_IP101} == 1
      version: '*'
    - matches:
      - if: idf_version >=6.0
        version: ^1.0.0
      name: espressif/ksz80xx
      registry_url: https://components.espressif.com
      require: private
      rules:
      - if: target in [esp32, esp32p4]
      - if: $CONFIG{ETHERNET_PHY_USE_KSZ80XX} == 1
      version: '*'
    - matches:
      - if: $CONFIG{ETHERNET_SPI_USE_KSZ8851SNL} == 1
      name: espressif/ksz8851snl
      registry_url: https://components.espressif.com
      require: private
      rules:
      - if: idf_version >=6.0
        version: ^1.0.0
      version: '*'
    - matches:
      - if: $CONFIG{ETHERNET_SPI_USE_LAN865X} == 1
      name: espressif/lan865x
      registry_url: https://components.espressif.com
      require: private
      version: ^0.1.1
    - name: espressif/lan867x
      registry_url: https://components.espressif.com
      require: private
      rules:
      - if: target in [esp32, esp32p4]
      - if: $CONFIG{ETHERNET_PHY_USE_LAN867X} == 1
      version: '>=2.0.0'
    - matches:
      - if: idf_version >=6.0
        version: ^1.0.0
      name: espressif/lan87xx
      registry_url: https://components.espressif.com
      require: private
      rules:
      - if: target in [esp32, esp32p4]
      - if: $CONFIG{ETHERNET_PHY_USE_LAN87XX} == 1
      version: '*'
    - matches:
      - if: idf_version >=6.0
        version: ^1.0.0
      name: espressif/rtl8201
      registry_url: https://components.espressif.com
      require: private
      rules:
      - if: target in [esp32, esp32p4]
      - if: $CONFIG{ETHERNET_PHY_USE_RTL8201} == 1
      version: '*'
    - matches:
      - if: $CONFIG{ETHERNET_SPI_USE_W5500} == 1
      name: espressif/w5500
      registry_url: https://components.espressif.com
      require: private
      rules:
      - if: idf_version >=6.0
        version: ^1.0.0
      version: '*'
    - name: idf
      require: private
      version: '>=5.4.3,!=5.5.0,!=5.5.1'
    source:
      registry_url: https://components.espressif.com/
      type: service
    version: 1.2.0
  espressif/mdns:
    component_hash: 043f989435fd88f771c70507bfde854380c259a8fec8c0d60bcfd8714f16960e
    dependencies:
    - name: idf
      require: private
      version: '>=5.0'
    source:
      registry_url: https://components.espressif.com/
      type: service
    version: 1.10.0
  espressif/mqtt:
    component_hash: ffdad5659706b4dc14bc63f8eb73ef765efa015bf7e9adf71c813d52a2dc9342
    dependencies:
    - name: idf
      require: private
      version: '>=5.3'
    source:
      registry_url: https://components.espressif.com/
      type: service
    version: 1.0.0
  espressif/ntc_driver:
    component_hash: 5f9ac7ca2065523cf9d6d001820c3c70852cdbf7d40afa8ab5a807e827dfa5e9
    dependencies:
    - name: espressif/cmake_utilities
      registry_url: https://components.espressif.com
      require: private
      version: '*'
    - name: idf
      require: private
      version: '>=5.0'
    source:
      registry_url: https://components.espressif.com/
      type: service
    version: 1.2.0
  espressif/w5500:
    component_hash: e6e47022a1f509d1d1197652a554aea84a8cd4d99161061e187ecf4b78a7f6ca
    dependencies:
    - name: idf
      require: private
      version: '>=6.0'
    source:
      registry_url: https://components.espressif.com
      type: service
    version: 1.0.1
  idf:
    source:
      type: idf
    version: 6.0.0
  sazanof/opentherm:
    component_hash: d9a8bd377796247baba62803c8f09d0cab8d0b9cd11c816b0f948aa19cf13cc1
    dependencies:
    - name: idf
      require: private
      version: '>=6.0'
    source:
      registry_url: https://components.espressif.com/
      type: service
    version: 1.0.9
  sazanof/rf433_receiver:
    component_hash: ac8cd9fef37aaaf638fc30fa41edcfc8c815e5fa50ead2b08ddaf38f12b78ed2
    dependencies:
    - name: idf
      require: private
      version: '>=6.0'
    source:
      registry_url: https://components.espressif.com/
      type: service
    version: 1.0.1
  um_adc:
    dependencies: []
    source:
      path: components\um_adc
      type: local
    version: 1.0.0
  um_buzzer:
    dependencies: []
    source:
      path: components\um_buzzer
      type: local
    version: 1.0.0
  um_capabilities:
    dependencies: []
    source:
      path: components\um_capabilities
      type: local
    version: 1.0.0
  um_dio:
    dependencies: []
    source:
      path: components\um_dio
      type: local
    version: 1.0.0
  um_events:
    dependencies: []
    source:
      path: components\um_events
      type: local
    version: 1.0.0
  um_helpers:
    dependencies: []
    source:
      path: components\um_helpers
      type: local
    version: 1.0.0
  um_mqtt:
    dependencies: []
    source:
      path: components\um_mqtt
      type: local
    version: 1.0.0
  um_ntc:
    dependencies: []
    source:
      path: components\um_ntc
      type: local
    version: 1.0.0
  um_nvs:
    dependencies: []
    source:
      path: components\um_nvs
      type: local
    version: 1.0.0
  um_onewire:
    dependencies: []
    source:
      path: components\um_onewire
      type: local
    version: 1.0.0
  um_opencollectors:
    dependencies: []
    source:
      path: components\um_opencollectors
      type: local
    version: 1.0.0
  um_opentherm:
    dependencies: []
    source:
      path: components\um_opentherm
      type: local
    version: 1.0.0
  um_rf433:
    dependencies: []
    source:
      path: components\um_rf433
      type: local
    version: 1.0.0
  um_sd:
    dependencies: []
    source:
      path: components\um_sd
      type: local
    version: 1.0.0
  um_storage:
    dependencies: []
    source:
      path: components\um_storage
      type: local
    version: 1.0.0
direct_dependencies:
- esp-idf-lib/ds18x20
- esp-idf-lib/onewire
- esp-idf-lib/pcf8574
- espressif/cjson
- espressif/ethernet_init
- espressif/mdns
- espressif/mqtt
- espressif/ntc_driver
- idf
- sazanof/opentherm
- sazanof/rf433_receiver
- um_adc
- um_buzzer
- um_capabilities
- um_dio
- um_events
- um_helpers
- um_mqtt
- um_ntc
- um_nvs
- um_onewire
- um_opencollectors
- um_opentherm
- um_rf433
- um_sd
- um_storage
manifest_hash: b1bf1f5df512e4d198750cecb0edd106830c17bc93d7512a9184f2fee8f79acb
target: esp32
version: 3.0.0
